<?xml version="1.0" encoding="utf-8"?>
<Project ToolsVersion="4.0" xmlns="http://schemas.microsoft.com/developer/msbuild/2003">
  <ItemGroup>
    <Filter Include="Исходные файлы">
      <UniqueIdentifier>{4FC737F1-C7A5-4376-A066-2A32D752A2FF}</UniqueIdentifier>
      <Extensions>cpp;c;cc;cxx;def;odl;idl;hpj;bat;asm;asmx</Extensions>
    </Filter>
    <Filter Include="Файлы заголовков">
      <UniqueIdentifier>{93995380-89BD-4b04-88EB-625FBE52EBFB}</UniqueIdentifier>
      <Extensions>h;hh;hpp;hxx;hm;inl;inc;ipp;xsd</Extensions>
    </Filter>
    <Filter Include="Файлы ресурсов">
      <UniqueIdentifier>{67DA6AB6-F800-4c08-8B7A-83BB121AAD01}</UniqueIdentifier>
      <Extensions>rc;ico;cur;bmp;dlg;rc2;rct;bin;rgs;gif;jpg;jpeg;jpe;resx;tiff;tif;png;wav;mfcribbon-ms</Extensions>
    </Filter>
    <Filter Include="OpenXLSX">
      <UniqueIdentifier>{1adf5c41-f218-4f84-a06a-6c21559e342c}</UniqueIdentifier>
    </Filter>
  </ItemGroup>
  <ItemGroup>
    <ClCompile Include="rvc_logs_extraction.cpp">
      <Filter>Исходные файлы</Filter>
    </ClCompile>
    <ClCompile Include="OpenXLSX\external\pugixml\pugixml.cpp">
      <Filter>OpenXLSX</Filter>
    </ClCompile>
    <ClCompile Include="OpenXLSX\sources\XLCell.cpp">
      <Filter>OpenXLSX</Filter>
    </ClCompile>
    <ClCompile Include="OpenXLSX\sources\XLCellIterator.cpp">
      <Filter>OpenXLSX</Filter>
    </ClCompile>
    <ClCompile Include="OpenXLSX\sources\XLCellRange.cpp">
      <Filter>OpenXLSX</Filter>
    </ClCompile>
    <ClCompile Include="OpenXLSX\sources\XLCellReference.cpp">
      <Filter>OpenXLSX</Filter>
    </ClCompile>
    <ClCompile Include="OpenXLSX\sources\XLCellValue.cpp">
      <Filter>OpenXLSX</Filter>
    </ClCompile>
    <ClCompile Include="OpenXLSX\sources\XLColor.cpp">
      <Filter>OpenXLSX</Filter>
    </ClCompile>
    <ClCompile Include="OpenXLSX\sources\XLColumn.cpp">
      <Filter>OpenXLSX</Filter>
    </ClCompile>
    <ClCompile Include="OpenXLSX\sources\XLContentTypes.cpp">
      <Filter>OpenXLSX</Filter>
    </ClCompile>
    <ClCompile Include="OpenXLSX\sources\XLDateTime.cpp">
      <Filter>OpenXLSX</Filter>
    </ClCompile>
    <ClCompile Include="OpenXLSX\sources\XLDocument.cpp">
      <Filter>OpenXLSX</Filter>
    </ClCompile>
    <ClCompile Include="OpenXLSX\sources\XLFormula.cpp">
      <Filter>OpenXLSX</Filter>
    </ClCompile>
    <ClCompile Include="OpenXLSX\sources\XLProperties.cpp">
      <Filter>OpenXLSX</Filter>
    </ClCompile>
    <ClCompile Include="OpenXLSX\sources\XLRelationships.cpp">
      <Filter>OpenXLSX</Filter>
    </ClCompile>
    <ClCompile Include="OpenXLSX\sources\XLRow.cpp">
      <Filter>OpenXLSX</Filter>
    </ClCompile>
    <ClCompile Include="OpenXLSX\sources\XLRowData.cpp">
      <Filter>OpenXLSX</Filter>
    </ClCompile>
    <ClCompile Include="OpenXLSX\sources\XLSharedStrings.cpp">
      <Filter>OpenXLSX</Filter>
    </ClCompile>
    <ClCompile Include="OpenXLSX\sources\XLSheet.cpp">
      <Filter>OpenXLSX</Filter>
    </ClCompile>
    <ClCompile Include="OpenXLSX\sources\XLWorkbook.cpp">
      <Filter>OpenXLSX</Filter>
    </ClCompile>
    <ClCompile Include="OpenXLSX\sources\XLXmlData.cpp">
      <Filter>OpenXLSX</Filter>
    </ClCompile>
    <ClCompile Include="OpenXLSX\sources\XLXmlFile.cpp">
      <Filter>OpenXLSX</Filter>
    </ClCompile>
    <ClCompile Include="OpenXLSX\sources\XLZipArchive.cpp">
      <Filter>OpenXLSX</Filter>
    </ClCompile>
  </ItemGroup>
</Project>